
Microsoft Visual Studio Solution File, Format Version 12.00
# Visual Studio Version 16
VisualStudioVersion = 16.0.29709.97
MinimumVisualStudioVersion = 10.0.40219.1
Project("{FAE04EC0-301F-11D3-BF4B-00C04F79EFBC}") = "MM Logo", "MM Logo\MM Logo.csproj", "{9F34F05B-7D73-482A-B747-BC916673589B}"
EndProject
Global
	GlobalSection(SolutionConfigurationPlatforms) = preSolution
		Debug|Any CPU = Debug|Any CPU
		Release|Any CPU = Release|Any CPU
	EndGlobalSection
	GlobalSection(ProjectConfigurationPlatforms) = postSolution
		{9F34F05B-7D73-482A-B747-BC916673589B}.Debug|Any CPU.ActiveCfg = Debug|Any CPU
		{9F34F05B-7D73-482A-B747-BC916673589B}.Debug|Any CPU.Build.0 = Debug|Any CPU
		{9F34F05B-7D73-482A-B747-BC916673589B}.Release|Any CPU.ActiveCfg = Release|Any CPU
		{9F34F05B-7D73-482A-B747-BC916673589B}.Release|Any CPU.Build.0 = Release|Any CPU
	EndGlobalSection
	GlobalSection(SolutionProperties) = preSolution
		HideSolutionNode = FALSE
	EndGlobalSection
	GlobalSection(ExtensibilityGlobals) = postSolution
		SolutionGuid = {7B1AA8BD-2F7E-48E2-A523-682A46A5B121}
	EndGlobalSection
EndGlobal
